
Microsoft Visual Studio Solution File, Format Version 12.00
# Visual Studio Version 17
VisualStudioVersion = 17.7.34031.279
MinimumVisualStudioVersion = 10.0.40219.1
Project("{FAE04EC0-301F-11D3-BF4B-00C04F79EFBC}") = "Assiginment1", "Assiginment1\Assiginment1.csproj", "{3C4840A3-7C70-485E-B44F-93D8FE89958F}"
EndProject
Global
	GlobalSection(SolutionConfigurationPlatforms) = preSolution
		Debug|Any CPU = Debug|Any CPU
		Release|Any CPU = Release|Any CPU
	EndGlobalSection
	GlobalSection(ProjectConfigurationPlatforms) = postSolution
		{3C4840A3-7C70-485E-B44F-93D8FE89958F}.Debug|Any CPU.ActiveCfg = Debug|Any CPU
		{3C4840A3-7C70-485E-B44F-93D8FE89958F}.Debug|Any CPU.Build.0 = Debug|Any CPU
		{3C4840A3-7C70-485E-B44F-93D8FE89958F}.Release|Any CPU.ActiveCfg = Release|Any CPU
		{3C4840A3-7C70-485E-B44F-93D8FE89958F}.Release|Any CPU.Build.0 = Release|Any CPU
	EndGlobalSection
	GlobalSection(SolutionProperties) = preSolution
		HideSolutionNode = FALSE
	EndGlobalSection
	GlobalSection(ExtensibilityGlobals) = postSolution
		SolutionGuid = {90BFD245-58FC-4D86-B9D9-4E95254666F3}
	EndGlobalSection
EndGlobal
